
Microsoft Visual Studio Solution File, Format Version 12.00
# Visual Studio 2012
Project("{E24C65DC-7377-472B-9ABA-BC803B73C61A}") = "asp.net课题(完整)", ".", "{E5189864-3E08-49E3-95DB-CC5D76042FB4}"
	ProjectSection(WebsiteProperties) = preProject
		TargetFrameworkMoniker = ".NETFramework,Version%3Dv4.5"
		Debug.AspNetCompiler.VirtualPath = "/asp.net课题(完整)"
		Debug.AspNetCompiler.PhysicalPath = "..\..\..\asp.net课题(完整)\"
		Debug.AspNetCompiler.TargetPath = "PrecompiledWeb\asp.net课题(完整)\"
		Debug.AspNetCompiler.Updateable = "true"
		Debug.AspNetCompiler.ForceOverwrite = "true"
		Debug.AspNetCompiler.FixedNames = "false"
		Debug.AspNetCompiler.Debug = "True"
		Release.AspNetCompiler.VirtualPath = "/asp.net课题(完整)"
		Release.AspNetCompiler.PhysicalPath = "..\..\..\asp.net课题(完整)\"
		Release.AspNetCompiler.TargetPath = "PrecompiledWeb\asp.net课题(完整)\"
		Release.AspNetCompiler.Updateable = "true"
		Release.AspNetCompiler.ForceOverwrite = "true"
		Release.AspNetCompiler.FixedNames = "false"
		Release.AspNetCompiler.Debug = "False"
		VWDPort = "8030"
	EndProjectSection
EndProject
Global
	GlobalSection(SolutionConfigurationPlatforms) = preSolution
		Debug|Any CPU = Debug|Any CPU
	EndGlobalSection
	GlobalSection(ProjectConfigurationPlatforms) = postSolution
		{E5189864-3E08-49E3-95DB-CC5D76042FB4}.Debug|Any CPU.ActiveCfg = Debug|Any CPU
		{E5189864-3E08-49E3-95DB-CC5D76042FB4}.Debug|Any CPU.Build.0 = Debug|Any CPU
	EndGlobalSection
	GlobalSection(SolutionProperties) = preSolution
		HideSolutionNode = FALSE
	EndGlobalSection
EndGlobal
